{
  "name": "salah-now",
  "version": "1.0.0",
  "lockfileVersion": 3,
  "requires": true,
  "packages": {
    "": {
      "name": "salah-now",
      "version": "1.0.0",
      "devDependencies": {
        "adhan": "^4.4.3"
      }
    },
    "node_modules/adhan": {
      "version": "4.4.6",
      "resolved": "https://registry.npmjs.org/adhan/-/adhan-4.4.6.tgz",
      "integrity": "sha512-cpLLcr6qxx+mLc6jgSXJwAAHxDFrhXhVLuzRbZPrpQKIEpJw+0LcfG6u9WEjq66kcTX/2sCkI3VztgRoUXBnFg==",
      "dev": true,
      "license": "MIT"
    }
  }
}
